
Microsoft Visual Studio Solution File, Format Version 11.00
# Visual Studio 2010
Project("{8BC9CEB8-8B4A-11D0-8D11-00A0C91BC942}") = "Sudoku", "Sudoku\Sudoku.vcxproj", "{A8957135-6344-4B40-89C0-499C12DE9DF2}"
EndProject
Global
	GlobalSection(SolutionConfigurationPlatforms) = preSolution
		Debug|Win32 = Debug|Win32
		Release|Win32 = Release|Win32
	EndGlobalSection
	GlobalSection(ProjectConfigurationPlatforms) = postSolution
		{A8957135-6344-4B40-89C0-499C12DE9DF2}.Debug|Win32.ActiveCfg = Debug|Win32
		{A8957135-6344-4B40-89C0-499C12DE9DF2}.Debug|Win32.Build.0 = Debug|Win32
		{A8957135-6344-4B40-89C0-499C12DE9DF2}.Release|Win32.ActiveCfg = Release|Win32
		{A8957135-6344-4B40-89C0-499C12DE9DF2}.Release|Win32.Build.0 = Release|Win32
	EndGlobalSection
	GlobalSection(SolutionProperties) = preSolution
		HideSolutionNode = FALSE
	EndGlobalSection
EndGlobal
